PODS:
  - RxSwift (5.0.0)
  - RxUnfurl (0.1.0):
    - RxSwift

DEPENDENCIES:
  - RxSwift
  - RxUnfurl (from `../`)

SPEC REPOS:
  https://github.com/cocoapods/specs.git:
    - RxSwift

EXTERNAL SOURCES:
  RxUnfurl:
    :path: "../"

SPEC CHECKSUMS:
  RxSwift: 8b0671caa829a763bbce7271095859121cbd895f
  RxUnfurl: 4593488d9ef4e1212025fec35834d54f2b1285ba

PODFILE CHECKSUM: df20313a187889be73bb63e6e480c5647dec1df6

COCOAPODS: 1.7.1
